// !$*UTF8*$!
{
	archiveVersion = 1;
	classes = {
	};
	objectVersion = 56;
	objects = {

/* Begin PBXBuildFile section */
		345948162CB92183003F453F /* solution16.m in Sources */ = {isa = PBXBuildFile; fileRef = 345947EC2CB9217F003F453F /* solution16.m */; };
		345948172CB92183003F453F /* solution8.m in Sources */ = {isa = PBXBuildFile; fileRef = 345947ED2CB9217F003F453F /* solution8.m */; };
		345948182CB92183003F453F /* solution20.m in Sources */ = {isa = PBXBuildFile; fileRef = 345947EE2CB9217F003F453F /* solution20.m */; };
		345948192CB92183003F453F /* solution11.m in Sources */ = {isa = PBXBuildFile; fileRef = 345947EF2CB9217F003F453F /* solution11.m */; };
		3459481A2CB92183003F453F /* solution3.m in Sources */ = {isa = PBXBuildFile; fileRef = 345947F02CB9217F003F453F /* solution3.m */; };
		3459481B2CB92183003F453F /* solution18.m in Sources */ = {isa = PBXBuildFile; fileRef = 345947F12CB9217F003F453F /* solution18.m */; };
		3459481C2CB92183003F453F /* solution34.m in Sources */ = {isa = PBXBuildFile; fileRef = 345947F22CB92180003F453F /* solution34.m */; };
		3459481D2CB92183003F453F /* solution21.m in Sources */ = {isa = PBXBuildFile; fileRef = 345947F32CB92180003F453F /* solution21.m */; };
		3459481E2CB92183003F453F /* solution38.m in Sources */ = {isa = PBXBuildFile; fileRef = 345947F42CB92180003F453F /* solution38.m */; };
		3459481F2CB92183003F453F /* solution40.m in Sources */ = {isa = PBXBuildFile; fileRef = 345947F52CB92180003F453F /* solution40.m */; };
		345948202CB92183003F453F /* solution4.m in Sources */ = {isa = PBXBuildFile; fileRef = 345947F62CB92180003F453F /* solution4.m */; };
		345948212CB92183003F453F /* solution10.m in Sources */ = {isa = PBXBuildFile; fileRef = 345947F72CB92180003F453F /* solution10.m */; };
		345948222CB92183003F453F /* solution9.m in Sources */ = {isa = PBXBuildFile; fileRef = 345947F82CB92180003F453F /* solution9.m */; };
		345948232CB92183003F453F /* solution22.m in Sources */ = {isa = PBXBuildFile; fileRef = 345947F92CB92180003F453F /* solution22.m */; };
		345948242CB92183003F453F /* solution28.m in Sources */ = {isa = PBXBuildFile; fileRef = 345947FA2CB92180003F453F /* solution28.m */; };
		345948252CB92183003F453F /* solution29.m in Sources */ = {isa = PBXBuildFile; fileRef = 345947FB2CB92180003F453F /* solution29.m */; };
		345948262CB92183003F453F /* solution26.m in Sources */ = {isa = PBXBuildFile; fileRef = 345947FC2CB92180003F453F /* solution26.m */; };
		345948272CB92183003F453F /* solution33.m in Sources */ = {isa = PBXBuildFile; fileRef = 345947FD2CB92180003F453F /* solution33.m */; };
		345948282CB92183003F453F /* solution31.m in Sources */ = {isa = PBXBuildFile; fileRef = 345947FE2CB92181003F453F /* solution31.m */; };
		345948292CB92183003F453F /* solution30.m in Sources */ = {isa = PBXBuildFile; fileRef = 345947FF2CB92181003F453F /* solution30.m */; };
		3459482A2CB92183003F453F /* solution6.m in Sources */ = {isa = PBXBuildFile; fileRef = 345948002CB92181003F453F /* solution6.m */; };
		3459482B2CB92183003F453F /* solution5.m in Sources */ = {isa = PBXBuildFile; fileRef = 345948012CB92181003F453F /* solution5.m */; };
		3459482C2CB92183003F453F /* solution24.m in Sources */ = {isa = PBXBuildFile; fileRef = 345948022CB92181003F453F /* solution24.m */; };
		3459482D2CB92183003F453F /* solution39.m in Sources */ = {isa = PBXBuildFile; fileRef = 345948032CB92181003F453F /* solution39.m */; };
		3459482E2CB92183003F453F /* solution27.m in Sources */ = {isa = PBXBuildFile; fileRef = 345948042CB92181003F453F /* solution27.m */; };
		3459482F2CB92183003F453F /* solution15.m in Sources */ = {isa = PBXBuildFile; fileRef = 345948052CB92181003F453F /* solution15.m */; };
		345948302CB92183003F453F /* solution19.m in Sources */ = {isa = PBXBuildFile; fileRef = 345948062CB92181003F453F /* solution19.m */; };
		345948312CB92183003F453F /* solution12.m in Sources */ = {isa = PBXBuildFile; fileRef = 345948072CB92181003F453F /* solution12.m */; };
		345948322CB92183003F453F /* solution14.m in Sources */ = {isa = PBXBuildFile; fileRef = 345948082CB92181003F453F /* solution14.m */; };
		345948332CB92183003F453F /* solution25.m in Sources */ = {isa = PBXBuildFile; fileRef = 345948092CB92181003F453F /* solution25.m */; };
		345948342CB92183003F453F /* solution32.m in Sources */ = {isa = PBXBuildFile; fileRef = 3459480A2CB92182003F453F /* solution32.m */; };
		345948352CB92183003F453F /* solution2.m in Sources */ = {isa = PBXBuildFile; fileRef = 3459480B2CB92182003F453F /* solution2.m */; };
		345948362CB92183003F453F /* solution23.m in Sources */ = {isa = PBXBuildFile; fileRef = 3459480C2CB92182003F453F /* solution23.m */; };
		345948372CB92183003F453F /* solution37.m in Sources */ = {isa = PBXBuildFile; fileRef = 3459480D2CB92182003F453F /* solution37.m */; };
		345948382CB92183003F453F /* solution1.m in Sources */ = {isa = PBXBuildFile; fileRef = 3459480E2CB92182003F453F /* solution1.m */; };
		345948392CB92183003F453F /* solution17.m in Sources */ = {isa = PBXBuildFile; fileRef = 345948102CB92182003F453F /* solution17.m */; };
		3459483A2CB92183003F453F /* solution7.m in Sources */ = {isa = PBXBuildFile; fileRef = 345948112CB92182003F453F /* solution7.m */; };
		3459483B2CB92183003F453F /* solution13.m in Sources */ = {isa = PBXBuildFile; fileRef = 345948122CB92182003F453F /* solution13.m */; };
		3459483C2CB92183003F453F /* solution36.m in Sources */ = {isa = PBXBuildFile; fileRef = 345948132CB92182003F453F /* solution36.m */; };
		3459483D2CB92183003F453F /* solution35.m in Sources */ = {isa = PBXBuildFile; fileRef = 345948152CB92182003F453F /* solution35.m */; };
/* End PBXBuildFile section */

/* Begin PBXCopyFilesBuildPhase section */
		34D6D4352CB6753F006A3933 /* CopyFiles */ = {
			isa = PBXCopyFilesBuildPhase;
			buildActionMask = 2147483647;
			dstPath = /usr/share/man/man1/;
			dstSubfolderSpec = 0;
			files = (
			);
			runOnlyForDeploymentPostprocessing = 1;
		};
/* End PBXCopyFilesBuildPhase section */

/* Begin PBXFileReference section */
		345947EC2CB9217F003F453F /* solution16.m */ = {isa = PBXFileReference; fileEncoding = 4; lastKnownFileType = sourcecode.c.objc; path = solution16.m; sourceTree = "<group>"; };
		345947ED2CB9217F003F453F /* solution8.m */ = {isa = PBXFileReference; fileEncoding = 4; lastKnownFileType = sourcecode.c.objc; path = solution8.m; sourceTree = "<group>"; };
		345947EE2CB9217F003F453F /* solution20.m */ = {isa = PBXFileReference; fileEncoding = 4; lastKnownFileType = sourcecode.c.objc; path = solution20.m; sourceTree = "<group>"; };
		345947EF2CB9217F003F453F /* solution11.m */ = {isa = PBXFileReference; fileEncoding = 4; lastKnownFileType = sourcecode.c.objc; path = solution11.m; sourceTree = "<group>"; };
		345947F02CB9217F003F453F /* solution3.m */ = {isa = PBXFileReference; fileEncoding = 4; lastKnownFileType = sourcecode.c.objc; path = solution3.m; sourceTree = "<group>"; };
		345947F12CB9217F003F453F /* solution18.m */ = {isa = PBXFileReference; fileEncoding = 4; lastKnownFileType = sourcecode.c.objc; path = solution18.m; sourceTree = "<group>"; };
		345947F22CB92180003F453F /* solution34.m */ = {isa = PBXFileReference; fileEncoding = 4; lastKnownFileType = sourcecode.c.objc; path = solution34.m; sourceTree = "<group>"; };
		345947F32CB92180003F453F /* solution21.m */ = {isa = PBXFileReference; fileEncoding = 4; lastKnownFileType = sourcecode.c.objc; path = solution21.m; sourceTree = "<group>"; };
		345947F42CB92180003F453F /* solution38.m */ = {isa = PBXFileReference; fileEncoding = 4; lastKnownFileType = sourcecode.c.objc; path = solution38.m; sourceTree = "<group>"; };
		345947F52CB92180003F453F /* solution40.m */ = {isa = PBXFileReference; fileEncoding = 4; lastKnownFileType = sourcecode.c.objc; path = solution40.m; sourceTree = "<group>"; };
		345947F62CB92180003F453F /* solution4.m */ = {isa = PBXFileReference; fileEncoding = 4; lastKnownFileType = sourcecode.c.objc; path = solution4.m; sourceTree = "<group>"; };
		345947F72CB92180003F453F /* solution10.m */ = {isa = PBXFileReference; fileEncoding = 4; lastKnownFileType = sourcecode.c.objc; path = solution10.m; sourceTree = "<group>"; };
		345947F82CB92180003F453F /* solution9.m */ = {isa = PBXFileReference; fileEncoding = 4; lastKnownFileType = sourcecode.c.objc; path = solution9.m; sourceTree = "<group>"; };
		345947F92CB92180003F453F /* solution22.m */ = {isa = PBXFileReference; fileEncoding = 4; lastKnownFileType = sourcecode.c.objc; path = solution22.m; sourceTree = "<group>"; };
		345947FA2CB92180003F453F /* solution28.m */ = {isa = PBXFileReference; fileEncoding = 4; lastKnownFileType = sourcecode.c.objc; path = solution28.m; sourceTree = "<group>"; };
		345947FB2CB92180003F453F /* solution29.m */ = {isa = PBXFileReference; fileEncoding = 4; lastKnownFileType = sourcecode.c.objc; path = solution29.m; sourceTree = "<group>"; };
		345947FC2CB92180003F453F /* solution26.m */ = {isa = PBXFileReference; fileEncoding = 4; lastKnownFileType = sourcecode.c.objc; path = solution26.m; sourceTree = "<group>"; };
		345947FD2CB92180003F453F /* solution33.m */ = {isa = PBXFileReference; fileEncoding = 4; lastKnownFileType = sourcecode.c.objc; path = solution33.m; sourceTree = "<group>"; };
		345947FE2CB92181003F453F /* solution31.m */ = {isa = PBXFileReference; fileEncoding = 4; lastKnownFileType = sourcecode.c.objc; path = solution31.m; sourceTree = "<group>"; };
		345947FF2CB92181003F453F /* solution30.m */ = {isa = PBXFileReference; fileEncoding = 4; lastKnownFileType = sourcecode.c.objc; path = solution30.m; sourceTree = "<group>"; };
		345948002CB92181003F453F /* solution6.m */ = {isa = PBXFileReference; fileEncoding = 4; lastKnownFileType = sourcecode.c.objc; path = solution6.m; sourceTree = "<group>"; };
		345948012CB92181003F453F /* solution5.m */ = {isa = PBXFileReference; fileEncoding = 4; lastKnownFileType = sourcecode.c.objc; path = solution5.m; sourceTree = "<group>"; };
		345948022CB92181003F453F /* solution24.m */ = {isa = PBXFileReference; fileEncoding = 4; lastKnownFileType = sourcecode.c.objc; path = solution24.m; sourceTree = "<group>"; };
		345948032CB92181003F453F /* solution39.m */ = {isa = PBXFileReference; fileEncoding = 4; lastKnownFileType = sourcecode.c.objc; path = solution39.m; sourceTree = "<group>"; };
		345948042CB92181003F453F /* solution27.m */ = {isa = PBXFileReference; fileEncoding = 4; lastKnownFileType = sourcecode.c.objc; path = solution27.m; sourceTree = "<group>"; };
		345948052CB92181003F453F /* solution15.m */ = {isa = PBXFileReference; fileEncoding = 4; lastKnownFileType = sourcecode.c.objc; path = solution15.m; sourceTree = "<group>"; };
		345948062CB92181003F453F /* solution19.m */ = {isa = PBXFileReference; fileEncoding = 4; lastKnownFileType = sourcecode.c.objc; path = solution19.m; sourceTree = "<group>"; };
		345948072CB92181003F453F /* solution12.m */ = {isa = PBXFileReference; fileEncoding = 4; lastKnownFileType = sourcecode.c.objc; path = solution12.m; sourceTree = "<group>"; };
		345948082CB92181003F453F /* solution14.m */ = {isa = PBXFileReference; fileEncoding = 4; lastKnownFileType = sourcecode.c.objc; path = solution14.m; sourceTree = "<group>"; };
		345948092CB92181003F453F /* solution25.m */ = {isa = PBXFileReference; fileEncoding = 4; lastKnownFileType = sourcecode.c.objc; path = solution25.m; sourceTree = "<group>"; };
		3459480A2CB92182003F453F /* solution32.m */ = {isa = PBXFileReference; fileEncoding = 4; lastKnownFileType = sourcecode.c.objc; path = solution32.m; sourceTree = "<group>"; };
		3459480B2CB92182003F453F /* solution2.m */ = {isa = PBXFileReference; fileEncoding = 4; lastKnownFileType = sourcecode.c.objc; path = solution2.m; sourceTree = "<group>"; };
		3459480C2CB92182003F453F /* solution23.m */ = {isa = PBXFileReference; fileEncoding = 4; lastKnownFileType = sourcecode.c.objc; path = solution23.m; sourceTree = "<group>"; };
		3459480D2CB92182003F453F /* solution37.m */ = {isa = PBXFileReference; fileEncoding = 4; lastKnownFileType = sourcecode.c.objc; path = solution37.m; sourceTree = "<group>"; };
		3459480E2CB92182003F453F /* solution1.m */ = {isa = PBXFileReference; fileEncoding = 4; lastKnownFileType = sourcecode.c.objc; path = solution1.m; sourceTree = "<group>"; };
		3459480F2CB92182003F453F /* Header */ = {isa = PBXFileReference; lastKnownFileType = folder; path = Header; sourceTree = "<group>"; };
		345948102CB92182003F453F /* solution17.m */ = {isa = PBXFileReference; fileEncoding = 4; lastKnownFileType = sourcecode.c.objc; path = solution17.m; sourceTree = "<group>"; };
		345948112CB92182003F453F /* solution7.m */ = {isa = PBXFileReference; fileEncoding = 4; lastKnownFileType = sourcecode.c.objc; path = solution7.m; sourceTree = "<group>"; };
		345948122CB92182003F453F /* solution13.m */ = {isa = PBXFileReference; fileEncoding = 4; lastKnownFileType = sourcecode.c.objc; path = solution13.m; sourceTree = "<group>"; };
		345948132CB92182003F453F /* solution36.m */ = {isa = PBXFileReference; fileEncoding = 4; lastKnownFileType = sourcecode.c.objc; path = solution36.m; sourceTree = "<group>"; };
		345948142CB92182003F453F /* Implementation */ = {isa = PBXFileReference; lastKnownFileType = folder; path = Implementation; sourceTree = "<group>"; };
		345948152CB92182003F453F /* solution35.m */ = {isa = PBXFileReference; fileEncoding = 4; lastKnownFileType = sourcecode.c.objc; path = solution35.m; sourceTree = "<group>"; };
		34D6D4372CB6753F006A3933 /* Objective-c-solution */ = {isa = PBXFileReference; explicitFileType = "compiled.mach-o.executable"; includeInIndex = 0; path = "Objective-c-solution"; sourceTree = BUILT_PRODUCTS_DIR; };
/* End PBXFileReference section */

/* Begin PBXFrameworksBuildPhase section */
		34D6D4342CB6753F006A3933 /* Frameworks */ = {
			isa = PBXFrameworksBuildPhase;
			buildActionMask = 2147483647;
			files = (
			);
			runOnlyForDeploymentPostprocessing = 0;
		};
/* End PBXFrameworksBuildPhase section */

/* Begin PBXGroup section */
		34D6D42E2CB6753F006A3933 = {
			isa = PBXGroup;
			children = (
				34D6D4392CB6753F006A3933 /* Objective-c-solution */,
				34D6D4382CB6753F006A3933 /* Products */,
			);
			sourceTree = "<group>";
		};
		34D6D4382CB6753F006A3933 /* Products */ = {
			isa = PBXGroup;
			children = (
				34D6D4372CB6753F006A3933 /* Objective-c-solution */,
			);
			name = Products;
			sourceTree = "<group>";
		};
		34D6D4392CB6753F006A3933 /* Objective-c-solution */ = {
			isa = PBXGroup;
			children = (
				3459480F2CB92182003F453F /* Header */,
				345948142CB92182003F453F /* Implementation */,
				3459480E2CB92182003F453F /* solution1.m */,
				3459480B2CB92182003F453F /* solution2.m */,
				345947F02CB9217F003F453F /* solution3.m */,
				345947F62CB92180003F453F /* solution4.m */,
				345948012CB92181003F453F /* solution5.m */,
				345948002CB92181003F453F /* solution6.m */,
				345948112CB92182003F453F /* solution7.m */,
				345947ED2CB9217F003F453F /* solution8.m */,
				345947F82CB92180003F453F /* solution9.m */,
				345947F72CB92180003F453F /* solution10.m */,
				345947EF2CB9217F003F453F /* solution11.m */,
				345948072CB92181003F453F /* solution12.m */,
				345948122CB92182003F453F /* solution13.m */,
				345948082CB92181003F453F /* solution14.m */,
				345948052CB92181003F453F /* solution15.m */,
				345947EC2CB9217F003F453F /* solution16.m */,
				345948102CB92182003F453F /* solution17.m */,
				345947F12CB9217F003F453F /* solution18.m */,
				345948062CB92181003F453F /* solution19.m */,
				345947EE2CB9217F003F453F /* solution20.m */,
				345947F32CB92180003F453F /* solution21.m */,
				345947F92CB92180003F453F /* solution22.m */,
				3459480C2CB92182003F453F /* solution23.m */,
				345948022CB92181003F453F /* solution24.m */,
				345948092CB92181003F453F /* solution25.m */,
				345947FC2CB92180003F453F /* solution26.m */,
				345948042CB92181003F453F /* solution27.m */,
				345947FA2CB92180003F453F /* solution28.m */,
				345947FB2CB92180003F453F /* solution29.m */,
				345947FF2CB92181003F453F /* solution30.m */,
				345947FE2CB92181003F453F /* solution31.m */,
				3459480A2CB92182003F453F /* solution32.m */,
				345947FD2CB92180003F453F /* solution33.m */,
				345947F22CB92180003F453F /* solution34.m */,
				345948152CB92182003F453F /* solution35.m */,
				345948132CB92182003F453F /* solution36.m */,
				3459480D2CB92182003F453F /* solution37.m */,
				345947F42CB92180003F453F /* solution38.m */,
				345948032CB92181003F453F /* solution39.m */,
				345947F52CB92180003F453F /* solution40.m */,
			);
			path = "Objective-c-solution";
			sourceTree = "<group>";
		};
/* End PBXGroup section */

/* Begin PBXNativeTarget section */
		34D6D4362CB6753F006A3933 /* Objective-c-solution */ = {
			isa = PBXNativeTarget;
			buildConfigurationList = 34D6D43E2CB6753F006A3933 /* Build configuration list for PBXNativeTarget "Objective-c-solution" */;
			buildPhases = (
				34D6D4332CB6753F006A3933 /* Sources */,
				34D6D4342CB6753F006A3933 /* Frameworks */,
				34D6D4352CB6753F006A3933 /* CopyFiles */,
			);
			buildRules = (
			);
			dependencies = (
			);
			name = "Objective-c-solution";
			productName = "Objective-c-solution";
			productReference = 34D6D4372CB6753F006A3933 /* Objective-c-solution */;
			productType = "com.apple.product-type.tool";
		};
/* End PBXNativeTarget section */

/* Begin PBXProject section */
		34D6D42F2CB6753F006A3933 /* Project object */ = {
			isa = PBXProject;
			attributes = {
				BuildIndependentTargetsInParallel = 1;
				LastUpgradeCheck = 1520;
				TargetAttributes = {
					34D6D4362CB6753F006A3933 = {
						CreatedOnToolsVersion = 15.2;
					};
				};
			};
			buildConfigurationList = 34D6D4322CB6753F006A3933 /* Build configuration list for PBXProject "Objective-c-solution" */;
			compatibilityVersion = "Xcode 14.0";
			developmentRegion = en;
			hasScannedForEncodings = 0;
			knownRegions = (
				en,
				Base,
			);
			mainGroup = 34D6D42E2CB6753F006A3933;
			productRefGroup = 34D6D4382CB6753F006A3933 /* Products */;
			projectDirPath = "";
			projectRoot = "";
			targets = (
				34D6D4362CB6753F006A3933 /* Objective-c-solution */,
			);
		};
/* End PBXProject section */

/* Begin PBXSourcesBuildPhase section */
		34D6D4332CB6753F006A3933 /* Sources */ = {
			isa = PBXSourcesBuildPhase;
			buildActionMask = 2147483647;
			files = (
				3459482D2CB92183003F453F /* solution39.m in Sources */,
				345948232CB92183003F453F /* solution22.m in Sources */,
				3459481C2CB92183003F453F /* solution34.m in Sources */,
				3459482B2CB92183003F453F /* solution5.m in Sources */,
				3459482F2CB92183003F453F /* solution15.m in Sources */,
				345948382CB92183003F453F /* solution1.m in Sources */,
				345948212CB92183003F453F /* solution10.m in Sources */,
				345948162CB92183003F453F /* solution16.m in Sources */,
				3459481F2CB92183003F453F /* solution40.m in Sources */,
				345948172CB92183003F453F /* solution8.m in Sources */,
				345948272CB92183003F453F /* solution33.m in Sources */,
				345948372CB92183003F453F /* solution37.m in Sources */,
				345948392CB92183003F453F /* solution17.m in Sources */,
				3459482C2CB92183003F453F /* solution24.m in Sources */,
				3459482A2CB92183003F453F /* solution6.m in Sources */,
				3459481A2CB92183003F453F /* solution3.m in Sources */,
				3459481E2CB92183003F453F /* solution38.m in Sources */,
				345948192CB92183003F453F /* solution11.m in Sources */,
				3459483C2CB92183003F453F /* solution36.m in Sources */,
				345948332CB92183003F453F /* solution25.m in Sources */,
				345948242CB92183003F453F /* solution28.m in Sources */,
				3459483B2CB92183003F453F /* solution13.m in Sources */,
				345948292CB92183003F453F /* solution30.m in Sources */,
				3459482E2CB92183003F453F /* solution27.m in Sources */,
				345948262CB92183003F453F /* solution26.m in Sources */,
				345948182CB92183003F453F /* solution20.m in Sources */,
				345948352CB92183003F453F /* solution2.m in Sources */,
				345948222CB92183003F453F /* solution9.m in Sources */,
				3459481B2CB92183003F453F /* solution18.m in Sources */,
				345948302CB92183003F453F /* solution19.m in Sources */,
				3459483A2CB92183003F453F /* solution7.m in Sources */,
				345948312CB92183003F453F /* solution12.m in Sources */,
				345948202CB92183003F453F /* solution4.m in Sources */,
				3459481D2CB92183003F453F /* solution21.m in Sources */,
				345948282CB92183003F453F /* solution31.m in Sources */,
				345948362CB92183003F453F /* solution23.m in Sources */,
				3459483D2CB92183003F453F /* solution35.m in Sources */,
				345948342CB92183003F453F /* solution32.m in Sources */,
				345948252CB92183003F453F /* solution29.m in Sources */,
				345948322CB92183003F453F /* solution14.m in Sources */,
			);
			runOnlyForDeploymentPostprocessing = 0;
		};
/* End PBXSourcesBuildPhase section */

/* Begin XCBuildConfiguration section */
		34D6D43C2CB6753F006A3933 /* Debug */ = {
			isa = XCBuildConfiguration;
			buildSettings = {
				ALWAYS_SEARCH_USER_PATHS = NO;
				ASSETCATALOG_COMPILER_GENERATE_SWIFT_ASSET_SYMBOL_EXTENSIONS = YES;
				CLANG_ANALYZER_NONNULL = YES;
				CLANG_ANALYZER_NUMBER_OBJECT_CONVERSION = YES_AGGRESSIVE;
				CLANG_CXX_LANGUAGE_STANDARD = "gnu++20";
				CLANG_ENABLE_MODULES = YES;
				CLANG_ENABLE_OBJC_ARC = YES;
				CLANG_ENABLE_OBJC_WEAK = YES;
				CLANG_WARN_BLOCK_CAPTURE_AUTORELEASING = YES;
				CLANG_WARN_BOOL_CONVERSION = YES;
				CLANG_WARN_COMMA = YES;
				CLANG_WARN_CONSTANT_CONVERSION = YES;
				CLANG_WARN_DEPRECATED_OBJC_IMPLEMENTATIONS = YES;
				CLANG_WARN_DIRECT_OBJC_ISA_USAGE = YES_ERROR;
				CLANG_WARN_DOCUMENTATION_COMMENTS = YES;
				CLANG_WARN_EMPTY_BODY = YES;
				CLANG_WARN_ENUM_CONVERSION = YES;
				CLANG_WARN_INFINITE_RECURSION = YES;
				CLANG_WARN_INT_CONVERSION = YES;
				CLANG_WARN_NON_LITERAL_NULL_CONVERSION = YES;
				CLANG_WARN_OBJC_IMPLICIT_RETAIN_SELF = YES;
				CLANG_WARN_OBJC_LITERAL_CONVERSION = YES;
				CLANG_WARN_OBJC_ROOT_CLASS = YES_ERROR;
				CLANG_WARN_QUOTED_INCLUDE_IN_FRAMEWORK_HEADER = YES;
				CLANG_WARN_RANGE_LOOP_ANALYSIS = YES;
				CLANG_WARN_STRICT_PROTOTYPES = YES;
				CLANG_WARN_SUSPICIOUS_MOVE = YES;
				CLANG_WARN_UNGUARDED_AVAILABILITY = YES_AGGRESSIVE;
				CLANG_WARN_UNREACHABLE_CODE = YES;
				CLANG_WARN__DUPLICATE_METHOD_MATCH = YES;
				COPY_PHASE_STRIP = NO;
				DEBUG_INFORMATION_FORMAT = dwarf;
				ENABLE_STRICT_OBJC_MSGSEND = YES;
				ENABLE_TESTABILITY = YES;
				ENABLE_USER_SCRIPT_SANDBOXING = YES;
				GCC_C_LANGUAGE_STANDARD = gnu17;
				GCC_DYNAMIC_NO_PIC = NO;
				GCC_NO_COMMON_BLOCKS = YES;
				GCC_OPTIMIZATION_LEVEL = 0;
				GCC_PREPROCESSOR_DEFINITIONS = (
					"DEBUG=1",
					"$(inherited)",
				);
				GCC_WARN_64_TO_32_BIT_CONVERSION = YES;
				GCC_WARN_ABOUT_RETURN_TYPE = YES_ERROR;
				GCC_WARN_UNDECLARED_SELECTOR = YES;
				GCC_WARN_UNINITIALIZED_AUTOS = YES_AGGRESSIVE;
				GCC_WARN_UNUSED_FUNCTION = YES;
				GCC_WARN_UNUSED_VARIABLE = YES;
				LOCALIZATION_PREFERS_STRING_CATALOGS = YES;
				MACOSX_DEPLOYMENT_TARGET = 13.6;
				MTL_ENABLE_DEBUG_INFO = INCLUDE_SOURCE;
				MTL_FAST_MATH = YES;
				ONLY_ACTIVE_ARCH = YES;
				SDKROOT = macosx;
			};
			name = Debug;
		};
		34D6D43D2CB6753F006A3933 /* Release */ = {
			isa = XCBuildConfiguration;
			buildSettings = {
				ALWAYS_SEARCH_USER_PATHS = NO;
				ASSETCATALOG_COMPILER_GENERATE_SWIFT_ASSET_SYMBOL_EXTENSIONS = YES;
				CLANG_ANALYZER_NONNULL = YES;
				CLANG_ANALYZER_NUMBER_OBJECT_CONVERSION = YES_AGGRESSIVE;
				CLANG_CXX_LANGUAGE_STANDARD = "gnu++20";
				CLANG_ENABLE_MODULES = YES;
				CLANG_ENABLE_OBJC_ARC = YES;
				CLANG_ENABLE_OBJC_WEAK = YES;
				CLANG_WARN_BLOCK_CAPTURE_AUTORELEASING = YES;
				CLANG_WARN_BOOL_CONVERSION = YES;
				CLANG_WARN_COMMA = YES;
				CLANG_WARN_CONSTANT_CONVERSION = YES;
				CLANG_WARN_DEPRECATED_OBJC_IMPLEMENTATIONS = YES;
				CLANG_WARN_DIRECT_OBJC_ISA_USAGE = YES_ERROR;
				CLANG_WARN_DOCUMENTATION_COMMENTS = YES;
				CLANG_WARN_EMPTY_BODY = YES;
				CLANG_WARN_ENUM_CONVERSION = YES;
				CLANG_WARN_INFINITE_RECURSION = YES;
				CLANG_WARN_INT_CONVERSION = YES;
				CLANG_WARN_NON_LITERAL_NULL_CONVERSION = YES;
				CLANG_WARN_OBJC_IMPLICIT_RETAIN_SELF = YES;
				CLANG_WARN_OBJC_LITERAL_CONVERSION = YES;
				CLANG_WARN_OBJC_ROOT_CLASS = YES_ERROR;
				CLANG_WARN_QUOTED_INCLUDE_IN_FRAMEWORK_HEADER = YES;
				CLANG_WARN_RANGE_LOOP_ANALYSIS = YES;
				CLANG_WARN_STRICT_PROTOTYPES = YES;
				CLANG_WARN_SUSPICIOUS_MOVE = YES;
				CLANG_WARN_UNGUARDED_AVAILABILITY = YES_AGGRESSIVE;
				CLANG_WARN_UNREACHABLE_CODE = YES;
				CLANG_WARN__DUPLICATE_METHOD_MATCH = YES;
				COPY_PHASE_STRIP = NO;
				DEBUG_INFORMATION_FORMAT = "dwarf-with-dsym";
				ENABLE_NS_ASSERTIONS = NO;
				ENABLE_STRICT_OBJC_MSGSEND = YES;
				ENABLE_USER_SCRIPT_SANDBOXING = YES;
				GCC_C_LANGUAGE_STANDARD = gnu17;
				GCC_NO_COMMON_BLOCKS = YES;
				GCC_WARN_64_TO_32_BIT_CONVERSION = YES;
				GCC_WARN_ABOUT_RETURN_TYPE = YES_ERROR;
				GCC_WARN_UNDECLARED_SELECTOR = YES;
				GCC_WARN_UNINITIALIZED_AUTOS = YES_AGGRESSIVE;
				GCC_WARN_UNUSED_FUNCTION = YES;
				GCC_WARN_UNUSED_VARIABLE = YES;
				LOCALIZATION_PREFERS_STRING_CATALOGS = YES;
				MACOSX_DEPLOYMENT_TARGET = 13.6;
				MTL_ENABLE_DEBUG_INFO = NO;
				MTL_FAST_MATH = YES;
				SDKROOT = macosx;
			};
			name = Release;
		};
		34D6D43F2CB6753F006A3933 /* Debug */ = {
			isa = XCBuildConfiguration;
			buildSettings = {
				CODE_SIGN_STYLE = Automatic;
				PRODUCT_NAME = "$(TARGET_NAME)";
			};
			name = Debug;
		};
		34D6D4402CB6753F006A3933 /* Release */ = {
			isa = XCBuildConfiguration;
			buildSettings = {
				CODE_SIGN_STYLE = Automatic;
				PRODUCT_NAME = "$(TARGET_NAME)";
			};
			name = Release;
		};
/* End XCBuildConfiguration section */

/* Begin XCConfigurationList section */
		34D6D4322CB6753F006A3933 /* Build configuration list for PBXProject "Objective-c-solution" */ = {
			isa = XCConfigurationList;
			buildConfigurations = (
				34D6D43C2CB6753F006A3933 /* Debug */,
				34D6D43D2CB6753F006A3933 /* Release */,
			);
			defaultConfigurationIsVisible = 0;
			defaultConfigurationName = Release;
		};
		34D6D43E2CB6753F006A3933 /* Build configuration list for PBXNativeTarget "Objective-c-solution" */ = {
			isa = XCConfigurationList;
			buildConfigurations = (
				34D6D43F2CB6753F006A3933 /* Debug */,
				34D6D4402CB6753F006A3933 /* Release */,
			);
			defaultConfigurationIsVisible = 0;
			defaultConfigurationName = Release;
		};
/* End XCConfigurationList section */
	};
	rootObject = 34D6D42F2CB6753F006A3933 /* Project object */;
}
